
Microsoft Visual Studio Solution File, Format Version 12.00
# Visual Studio Version 16
VisualStudioVersion = 16.0.30114.105
MinimumVisualStudioVersion = 10.0.40219.1
Project("{FAE04EC0-301F-11D3-BF4B-00C04F79EFBC}") = "BlazorAuth", "src/BlazorAuth/BlazorAuth.csproj", "{CA6C39BC-59B6-4B19-AC68-2366AAC4CAB9}"
EndProject
Global
	GlobalSection(SolutionConfigurationPlatforms) = preSolution
		Debug|Any CPU = Debug|Any CPU
		Release|Any CPU = Release|Any CPU
	EndGlobalSection
	GlobalSection(ProjectConfigurationPlatforms) = postSolution
		{CA6C39BC-59B6-4B19-AC68-2366AAC4CAB9}.Debug|Any CPU.ActiveCfg = Debug|Any CPU
		{CA6C39BC-59B6-4B19-AC68-2366AAC4CAB9}.Debug|Any CPU.Build.0 = Debug|Any CPU
		{CA6C39BC-59B6-4B19-AC68-2366AAC4CAB9}.Release|Any CPU.ActiveCfg = Release|Any CPU
		{CA6C39BC-59B6-4B19-AC68-2366AAC4CAB9}.Release|Any CPU.Build.0 = Release|Any CPU
	EndGlobalSection
	GlobalSection(SolutionProperties) = preSolution
		HideSolutionNode = FALSE
	EndGlobalSection
	GlobalSection(ExtensibilityGlobals) = postSolution
		SolutionGuid = {D9AE2F91-1059-47EF-9057-51023E7F2C65}
	EndGlobalSection
EndGlobal
